
Microsoft Visual Studio Solution File, Format Version 12.00
# Visual Studio 15
VisualStudioVersion = 15.0.27004.2009
MinimumVisualStudioVersion = 10.0.40219.1
Project("{FAE04EC0-301F-11D3-BF4B-00C04F79EFBC}") = "Whetstone", "Whetstone\Whetstone.csproj", "{4E398DE9-A03F-417E-81A1-AA1E01DAF4D6}"
EndProject
Project("{FAE04EC0-301F-11D3-BF4B-00C04F79EFBC}") = "Whetstone.Tests", "Whetstone.Tests\Whetstone.Tests.csproj", "{C0D0002A-4124-4D7A-8CE1-5C815A6285DA}"
EndProject
Global
	GlobalSection(SolutionConfigurationPlatforms) = preSolution
		Debug|Any CPU = Debug|Any CPU
		Release|Any CPU = Release|Any CPU
	EndGlobalSection
	GlobalSection(ProjectConfigurationPlatforms) = postSolution
		{4E398DE9-A03F-417E-81A1-AA1E01DAF4D6}.Debug|Any CPU.ActiveCfg = Debug|Any CPU
		{4E398DE9-A03F-417E-81A1-AA1E01DAF4D6}.Debug|Any CPU.Build.0 = Debug|Any CPU
		{4E398DE9-A03F-417E-81A1-AA1E01DAF4D6}.Release|Any CPU.ActiveCfg = Release|Any CPU
		{4E398DE9-A03F-417E-81A1-AA1E01DAF4D6}.Release|Any CPU.Build.0 = Release|Any CPU
		{C0D0002A-4124-4D7A-8CE1-5C815A6285DA}.Debug|Any CPU.ActiveCfg = Debug|Any CPU
		{C0D0002A-4124-4D7A-8CE1-5C815A6285DA}.Debug|Any CPU.Build.0 = Debug|Any CPU
		{C0D0002A-4124-4D7A-8CE1-5C815A6285DA}.Release|Any CPU.ActiveCfg = Release|Any CPU
		{C0D0002A-4124-4D7A-8CE1-5C815A6285DA}.Release|Any CPU.Build.0 = Release|Any CPU
	EndGlobalSection
	GlobalSection(SolutionProperties) = preSolution
		HideSolutionNode = FALSE
	EndGlobalSection
	GlobalSection(ExtensibilityGlobals) = postSolution
		SolutionGuid = {3A7A75D4-7307-4038-97D2-E99004A24B44}
	EndGlobalSection
EndGlobal
